// !$*UTF8*$!
{
	archiveVersion = 1;
	classes = {
	};
	objectVersion = 46;
	objects = {

/* Begin PBXBuildFile section */
		B00C1CC21B7495FC00412E02 /* SecondViewController.swift in Sources */ = {isa = PBXBuildFile; fileRef = B00C1CC11B7495FC00412E02 /* SecondViewController.swift */; };
		B0FAC85E1B7356F40034E00B /* AppDelegate.swift in Sources */ = {isa = PBXBuildFile; fileRef = B0FAC85D1B7356F40034E00B /* AppDelegate.swift */; };
		B0FAC8601B7356F40034E00B /* ViewController.swift in Sources */ = {isa = PBXBuildFile; fileRef = B0FAC85F1B7356F40034E00B /* ViewController.swift */; };
		B0FAC8631B7356F40034E00B /* Main.storyboard in Resources */ = {isa = PBXBuildFile; fileRef = B0FAC8611B7356F40034E00B /* Main.storyboard */; };
		B0FAC8651B7356F40034E00B /* Images.xcassets in Resources */ = {isa = PBXBuildFile; fileRef = B0FAC8641B7356F40034E00B /* Images.xcassets */; };
		B0FAC8681B7356F40034E00B /* LaunchScreen.xib in Resources */ = {isa = PBXBuildFile; fileRef = B0FAC8661B7356F40034E00B /* LaunchScreen.xib */; };
		B0FAC8741B7356F40034E00B /* SubmitTransitionTests.swift in Sources */ = {isa = PBXBuildFile; fileRef = B0FAC8731B7356F40034E00B /* SubmitTransitionTests.swift */; };
		B0FAC87F1B7359000034E00B /* TransitionSubmitButton.swift in Sources */ = {isa = PBXBuildFile; fileRef = B0FAC87E1B7359000034E00B /* TransitionSubmitButton.swift */; };
		B0FAC8851B736C460034E00B /* NSTimerEx.swift in Sources */ = {isa = PBXBuildFile; fileRef = B0FAC8841B736C460034E00B /* NSTimerEx.swift */; };
		B0FAC8871B7440190034E00B /* CGRectEx.swift in Sources */ = {isa = PBXBuildFile; fileRef = B0FAC8861B7440190034E00B /* CGRectEx.swift */; };
		B0FAC8891B744FB10034E00B /* SpinerLayer.swift in Sources */ = {isa = PBXBuildFile; fileRef = B0FAC8881B744FB10034E00B /* SpinerLayer.swift */; };
		B0FAC88B1B747F990034E00B /* FadeTransition.swift in Sources */ = {isa = PBXBuildFile; fileRef = B0FAC88A1B747F990034E00B /* FadeTransition.swift */; };
/* End PBXBuildFile section */

/* Begin PBXContainerItemProxy section */
		B0FAC86E1B7356F40034E00B /* PBXContainerItemProxy */ = {
			isa = PBXContainerItemProxy;
			containerPortal = B0FAC8501B7356F30034E00B /* Project object */;
			proxyType = 1;
			remoteGlobalIDString = B0FAC8571B7356F30034E00B;
			remoteInfo = SubmitTransition;
		};
/* End PBXContainerItemProxy section */

/* Begin PBXFileReference section */
		B00C1CC11B7495FC00412E02 /* SecondViewController.swift */ = {isa = PBXFileReference; fileEncoding = 4; lastKnownFileType = sourcecode.swift; path = SecondViewController.swift; sourceTree = "<group>"; };
		B0FAC8581B7356F30034E00B /* SubmitTransition.app */ = {isa = PBXFileReference; explicitFileType = wrapper.application; includeInIndex = 0; path = SubmitTransition.app; sourceTree = BUILT_PRODUCTS_DIR; };
		B0FAC85C1B7356F30034E00B /* Info.plist */ = {isa = PBXFileReference; lastKnownFileType = text.plist.xml; path = Info.plist; sourceTree = "<group>"; };
		B0FAC85D1B7356F40034E00B /* AppDelegate.swift */ = {isa = PBXFileReference; lastKnownFileType = sourcecode.swift; path = AppDelegate.swift; sourceTree = "<group>"; };
		B0FAC85F1B7356F40034E00B /* ViewController.swift */ = {isa = PBXFileReference; lastKnownFileType = sourcecode.swift; path = ViewController.swift; sourceTree = "<group>"; };
		B0FAC8621B7356F40034E00B /* Base */ = {isa = PBXFileReference; lastKnownFileType = file.storyboard; name = Base; path = Base.lproj/Main.storyboard; sourceTree = "<group>"; };
		B0FAC8641B7356F40034E00B /* Images.xcassets */ = {isa = PBXFileReference; lastKnownFileType = folder.assetcatalog; path = Images.xcassets; sourceTree = "<group>"; };
		B0FAC8671B7356F40034E00B /* Base */ = {isa = PBXFileReference; lastKnownFileType = file.xib; name = Base; path = Base.lproj/LaunchScreen.xib; sourceTree = "<group>"; };
		B0FAC86D1B7356F40034E00B /* SubmitTransitionTests.xctest */ = {isa = PBXFileReference; explicitFileType = wrapper.cfbundle; includeInIndex = 0; path = SubmitTransitionTests.xctest; sourceTree = BUILT_PRODUCTS_DIR; };
		B0FAC8721B7356F40034E00B /* Info.plist */ = {isa = PBXFileReference; lastKnownFileType = text.plist.xml; path = Info.plist; sourceTree = "<group>"; };
		B0FAC8731B7356F40034E00B /* SubmitTransitionTests.swift */ = {isa = PBXFileReference; lastKnownFileType = sourcecode.swift; path = SubmitTransitionTests.swift; sourceTree = "<group>"; };
		B0FAC87E1B7359000034E00B /* TransitionSubmitButton.swift */ = {isa = PBXFileReference; fileEncoding = 4; lastKnownFileType = sourcecode.swift; path = TransitionSubmitButton.swift; sourceTree = "<group>"; };
		B0FAC8841B736C460034E00B /* NSTimerEx.swift */ = {isa = PBXFileReference; fileEncoding = 4; lastKnownFileType = sourcecode.swift; path = NSTimerEx.swift; sourceTree = "<group>"; };
		B0FAC8861B7440190034E00B /* CGRectEx.swift */ = {isa = PBXFileReference; fileEncoding = 4; lastKnownFileType = sourcecode.swift; path = CGRectEx.swift; sourceTree = "<group>"; };
		B0FAC8881B744FB10034E00B /* SpinerLayer.swift */ = {isa = PBXFileReference; fileEncoding = 4; lastKnownFileType = sourcecode.swift; path = SpinerLayer.swift; sourceTree = "<group>"; };
		B0FAC88A1B747F990034E00B /* FadeTransition.swift */ = {isa = PBXFileReference; fileEncoding = 4; lastKnownFileType = sourcecode.swift; path = FadeTransition.swift; sourceTree = "<group>"; };
/* End PBXFileReference section */

/* Begin PBXFrameworksBuildPhase section */
		B0FAC8551B7356F30034E00B /* Frameworks */ = {
			isa = PBXFrameworksBuildPhase;
			buildActionMask = 2147483647;
			files = (
			);
			runOnlyForDeploymentPostprocessing = 0;
		};
		B0FAC86A1B7356F40034E00B /* Frameworks */ = {
			isa = PBXFrameworksBuildPhase;
			buildActionMask = 2147483647;
			files = (
			);
			runOnlyForDeploymentPostprocessing = 0;
		};
/* End PBXFrameworksBuildPhase section */

/* Begin PBXGroup section */
		B0FAC84F1B7356F30034E00B = {
			isa = PBXGroup;
			children = (
				B0FAC85A1B7356F30034E00B /* SubmitTransition */,
				B0FAC8701B7356F40034E00B /* SubmitTransitionTests */,
				B0FAC8591B7356F30034E00B /* Products */,
			);
			sourceTree = "<group>";
		};
		B0FAC8591B7356F30034E00B /* Products */ = {
			isa = PBXGroup;
			children = (
				B0FAC8581B7356F30034E00B /* SubmitTransition.app */,
				B0FAC86D1B7356F40034E00B /* SubmitTransitionTests.xctest */,
			);
			name = Products;
			sourceTree = "<group>";
		};
		B0FAC85A1B7356F30034E00B /* SubmitTransition */ = {
			isa = PBXGroup;
			children = (
				B0FAC87D1B7358C90034E00B /* Classes */,
				B0FAC85D1B7356F40034E00B /* AppDelegate.swift */,
				B0FAC85F1B7356F40034E00B /* ViewController.swift */,
				B00C1CC11B7495FC00412E02 /* SecondViewController.swift */,
				B0FAC8611B7356F40034E00B /* Main.storyboard */,
				B0FAC8641B7356F40034E00B /* Images.xcassets */,
				B0FAC8661B7356F40034E00B /* LaunchScreen.xib */,
				B0FAC85B1B7356F30034E00B /* Supporting Files */,
			);
			path = SubmitTransition;
			sourceTree = "<group>";
		};
		B0FAC85B1B7356F30034E00B /* Supporting Files */ = {
			isa = PBXGroup;
			children = (
				B0FAC85C1B7356F30034E00B /* Info.plist */,
			);
			name = "Supporting Files";
			sourceTree = "<group>";
		};
		B0FAC8701B7356F40034E00B /* SubmitTransitionTests */ = {
			isa = PBXGroup;
			children = (
				B0FAC8731B7356F40034E00B /* SubmitTransitionTests.swift */,
				B0FAC8711B7356F40034E00B /* Supporting Files */,
			);
			path = SubmitTransitionTests;
			sourceTree = "<group>";
		};
		B0FAC8711B7356F40034E00B /* Supporting Files */ = {
			isa = PBXGroup;
			children = (
				B0FAC8721B7356F40034E00B /* Info.plist */,
			);
			name = "Supporting Files";
			sourceTree = "<group>";
		};
		B0FAC87D1B7358C90034E00B /* Classes */ = {
			isa = PBXGroup;
			children = (
				B0FAC87E1B7359000034E00B /* TransitionSubmitButton.swift */,
				B0FAC8881B744FB10034E00B /* SpinerLayer.swift */,
				B0FAC88A1B747F990034E00B /* FadeTransition.swift */,
				B0FAC8861B7440190034E00B /* CGRectEx.swift */,
				B0FAC8841B736C460034E00B /* NSTimerEx.swift */,
			);
			path = Classes;
			sourceTree = "<group>";
		};
/* End PBXGroup section */

/* Begin PBXNativeTarget section */
		B0FAC8571B7356F30034E00B /* SubmitTransition */ = {
			isa = PBXNativeTarget;
			buildConfigurationList = B0FAC8771B7356F40034E00B /* Build configuration list for PBXNativeTarget "SubmitTransition" */;
			buildPhases = (
				B0FAC8541B7356F30034E00B /* Sources */,
				B0FAC8551B7356F30034E00B /* Frameworks */,
				B0FAC8561B7356F30034E00B /* Resources */,
			);
			buildRules = (
			);
			dependencies = (
			);
			name = SubmitTransition;
			productName = SubmitTransition;
			productReference = B0FAC8581B7356F30034E00B /* SubmitTransition.app */;
			productType = "com.apple.product-type.application";
		};
		B0FAC86C1B7356F40034E00B /* SubmitTransitionTests */ = {
			isa = PBXNativeTarget;
			buildConfigurationList = B0FAC87A1B7356F40034E00B /* Build configuration list for PBXNativeTarget "SubmitTransitionTests" */;
			buildPhases = (
				B0FAC8691B7356F40034E00B /* Sources */,
				B0FAC86A1B7356F40034E00B /* Frameworks */,
				B0FAC86B1B7356F40034E00B /* Resources */,
			);
			buildRules = (
			);
			dependencies = (
				B0FAC86F1B7356F40034E00B /* PBXTargetDependency */,
			);
			name = SubmitTransitionTests;
			productName = SubmitTransitionTests;
			productReference = B0FAC86D1B7356F40034E00B /* SubmitTransitionTests.xctest */;
			productType = "com.apple.product-type.bundle.unit-test";
		};
/* End PBXNativeTarget section */

/* Begin PBXProject section */
		B0FAC8501B7356F30034E00B /* Project object */ = {
			isa = PBXProject;
			attributes = {
				LastSwiftMigration = 0700;
				LastSwiftUpdateCheck = 0700;
				LastUpgradeCheck = 0700;
				ORGANIZATIONNAME = Uniface;
				TargetAttributes = {
					B0FAC8571B7356F30034E00B = {
						CreatedOnToolsVersion = 6.4;
					};
					B0FAC86C1B7356F40034E00B = {
						CreatedOnToolsVersion = 6.4;
						TestTargetID = B0FAC8571B7356F30034E00B;
					};
				};
			};
			buildConfigurationList = B0FAC8531B7356F30034E00B /* Build configuration list for PBXProject "SubmitTransition" */;
			compatibilityVersion = "Xcode 3.2";
			developmentRegion = English;
			hasScannedForEncodings = 0;
			knownRegions = (
				en,
				Base,
			);
			mainGroup = B0FAC84F1B7356F30034E00B;
			productRefGroup = B0FAC8591B7356F30034E00B /* Products */;
			projectDirPath = "";
			projectRoot = "";
			targets = (
				B0FAC8571B7356F30034E00B /* SubmitTransition */,
				B0FAC86C1B7356F40034E00B /* SubmitTransitionTests */,
			);
		};
/* End PBXProject section */

/* Begin PBXResourcesBuildPhase section */
		B0FAC8561B7356F30034E00B /* Resources */ = {
			isa = PBXResourcesBuildPhase;
			buildActionMask = 2147483647;
			files = (
				B0FAC8631B7356F40034E00B /* Main.storyboard in Resources */,
				B0FAC8681B7356F40034E00B /* LaunchScreen.xib in Resources */,
				B0FAC8651B7356F40034E00B /* Images.xcassets in Resources */,
			);
			runOnlyForDeploymentPostprocessing = 0;
		};
		B0FAC86B1B7356F40034E00B /* Resources */ = {
			isa = PBXResourcesBuildPhase;
			buildActionMask = 2147483647;
			files = (
			);
			runOnlyForDeploymentPostprocessing = 0;
		};
/* End PBXResourcesBuildPhase section */

/* Begin PBXSourcesBuildPhase section */
		B0FAC8541B7356F30034E00B /* Sources */ = {
			isa = PBXSourcesBuildPhase;
			buildActionMask = 2147483647;
			files = (
				B00C1CC21B7495FC00412E02 /* SecondViewController.swift in Sources */,
				B0FAC8891B744FB10034E00B /* SpinerLayer.swift in Sources */,
				B0FAC88B1B747F990034E00B /* FadeTransition.swift in Sources */,
				B0FAC8601B7356F40034E00B /* ViewController.swift in Sources */,
				B0FAC8871B7440190034E00B /* CGRectEx.swift in Sources */,
				B0FAC85E1B7356F40034E00B /* AppDelegate.swift in Sources */,
				B0FAC8851B736C460034E00B /* NSTimerEx.swift in Sources */,
				B0FAC87F1B7359000034E00B /* TransitionSubmitButton.swift in Sources */,
			);
			runOnlyForDeploymentPostprocessing = 0;
		};
		B0FAC8691B7356F40034E00B /* Sources */ = {
			isa = PBXSourcesBuildPhase;
			buildActionMask = 2147483647;
			files = (
				B0FAC8741B7356F40034E00B /* SubmitTransitionTests.swift in Sources */,
			);
			runOnlyForDeploymentPostprocessing = 0;
		};
/* End PBXSourcesBuildPhase section */

/* Begin PBXTargetDependency section */
		B0FAC86F1B7356F40034E00B /* PBXTargetDependency */ = {
			isa = PBXTargetDependency;
			target = B0FAC8571B7356F30034E00B /* SubmitTransition */;
			targetProxy = B0FAC86E1B7356F40034E00B /* PBXContainerItemProxy */;
		};
/* End PBXTargetDependency section */

/* Begin PBXVariantGroup section */
		B0FAC8611B7356F40034E00B /* Main.storyboard */ = {
			isa = PBXVariantGroup;
			children = (
				B0FAC8621B7356F40034E00B /* Base */,
			);
			name = Main.storyboard;
			sourceTree = "<group>";
		};
		B0FAC8661B7356F40034E00B /* LaunchScreen.xib */ = {
			isa = PBXVariantGroup;
			children = (
				B0FAC8671B7356F40034E00B /* Base */,
			);
			name = LaunchScreen.xib;
			sourceTree = "<group>";
		};
/* End PBXVariantGroup section */

/* Begin XCBuildConfiguration section */
		B0FAC8751B7356F40034E00B /* Debug */ = {
			isa = XCBuildConfiguration;
			buildSettings = {
				ALWAYS_SEARCH_USER_PATHS = NO;
				CLANG_CXX_LANGUAGE_STANDARD = "gnu++0x";
				CLANG_CXX_LIBRARY = "libc++";
				CLANG_ENABLE_MODULES = YES;
				CLANG_ENABLE_OBJC_ARC = YES;
				CLANG_WARN_BOOL_CONVERSION = YES;
				CLANG_WARN_CONSTANT_CONVERSION = YES;
				CLANG_WARN_DIRECT_OBJC_ISA_USAGE = YES_ERROR;
				CLANG_WARN_EMPTY_BODY = YES;
				CLANG_WARN_ENUM_CONVERSION = YES;
				CLANG_WARN_INT_CONVERSION = YES;
				CLANG_WARN_OBJC_ROOT_CLASS = YES_ERROR;
				CLANG_WARN_UNREACHABLE_CODE = YES;
				CLANG_WARN__DUPLICATE_METHOD_MATCH = YES;
				"CODE_SIGN_IDENTITY[sdk=iphoneos*]" = "iPhone Developer";
				COPY_PHASE_STRIP = NO;
				DEBUG_INFORMATION_FORMAT = "dwarf-with-dsym";
				ENABLE_STRICT_OBJC_MSGSEND = YES;
				ENABLE_TESTABILITY = YES;
				GCC_C_LANGUAGE_STANDARD = gnu99;
				GCC_DYNAMIC_NO_PIC = NO;
				GCC_NO_COMMON_BLOCKS = YES;
				GCC_OPTIMIZATION_LEVEL = 0;
				GCC_PREPROCESSOR_DEFINITIONS = (
					"DEBUG=1",
					"$(inherited)",
				);
				GCC_SYMBOLS_PRIVATE_EXTERN = NO;
				GCC_WARN_64_TO_32_BIT_CONVERSION = YES;
				GCC_WARN_ABOUT_RETURN_TYPE = YES_ERROR;
				GCC_WARN_UNDECLARED_SELECTOR = YES;
				GCC_WARN_UNINITIALIZED_AUTOS = YES_AGGRESSIVE;
				GCC_WARN_UNUSED_FUNCTION = YES;
				GCC_WARN_UNUSED_VARIABLE = YES;
				IPHONEOS_DEPLOYMENT_TARGET = 8.4;
				MTL_ENABLE_DEBUG_INFO = YES;
				ONLY_ACTIVE_ARCH = YES;
				SDKROOT = iphoneos;
				SWIFT_OPTIMIZATION_LEVEL = "-Onone";
				TARGETED_DEVICE_FAMILY = "1,2";
			};
			name = Debug;
		};
		B0FAC8761B7356F40034E00B /* Release */ = {
			isa = XCBuildConfiguration;
			buildSettings = {
				ALWAYS_SEARCH_USER_PATHS = NO;
				CLANG_CXX_LANGUAGE_STANDARD = "gnu++0x";
				CLANG_CXX_LIBRARY = "libc++";
				CLANG_ENABLE_MODULES = YES;
				CLANG_ENABLE_OBJC_ARC = YES;
				CLANG_WARN_BOOL_CONVERSION = YES;
				CLANG_WARN_CONSTANT_CONVERSION = YES;
				CLANG_WARN_DIRECT_OBJC_ISA_USAGE = YES_ERROR;
				CLANG_WARN_EMPTY_BODY = YES;
				CLANG_WARN_ENUM_CONVERSION = YES;
				CLANG_WARN_INT_CONVERSION = YES;
				CLANG_WARN_OBJC_ROOT_CLASS = YES_ERROR;
				CLANG_WARN_UNREACHABLE_CODE = YES;
				CLANG_WARN__DUPLICATE_METHOD_MATCH = YES;
				"CODE_SIGN_IDENTITY[sdk=iphoneos*]" = "iPhone Developer";
				COPY_PHASE_STRIP = NO;
				DEBUG_INFORMATION_FORMAT = "dwarf-with-dsym";
				ENABLE_NS_ASSERTIONS = NO;
				ENABLE_STRICT_OBJC_MSGSEND = YES;
				GCC_C_LANGUAGE_STANDARD = gnu99;
				GCC_NO_COMMON_BLOCKS = YES;
				GCC_WARN_64_TO_32_BIT_CONVERSION = YES;
				GCC_WARN_ABOUT_RETURN_TYPE = YES_ERROR;
				GCC_WARN_UNDECLARED_SELECTOR = YES;
				GCC_WARN_UNINITIALIZED_AUTOS = YES_AGGRESSIVE;
				GCC_WARN_UNUSED_FUNCTION = YES;
				GCC_WARN_UNUSED_VARIABLE = YES;
				IPHONEOS_DEPLOYMENT_TARGET = 8.4;
				MTL_ENABLE_DEBUG_INFO = NO;
				SDKROOT = iphoneos;
				TARGETED_DEVICE_FAMILY = "1,2";
				VALIDATE_PRODUCT = YES;
			};
			name = Release;
		};
		B0FAC8781B7356F40034E00B /* Debug */ = {
			isa = XCBuildConfiguration;
			buildSettings = {
				ASSETCATALOG_COMPILER_APPICON_NAME = AppIcon;
				ASSETCATALOG_COMPILER_LAUNCHIMAGE_NAME = LaunchImage;
				INFOPLIST_FILE = SubmitTransition/Info.plist;
				IPHONEOS_DEPLOYMENT_TARGET = 8.0;
				LD_RUNPATH_SEARCH_PATHS = "$(inherited) @executable_path/Frameworks";
				PRODUCT_BUNDLE_IDENTIFIER = "com.twitter.tk-365.$(PRODUCT_NAME:rfc1034identifier)";
				PRODUCT_NAME = "$(TARGET_NAME)";
			};
			name = Debug;
		};
		B0FAC8791B7356F40034E00B /* Release */ = {
			isa = XCBuildConfiguration;
			buildSettings = {
				ASSETCATALOG_COMPILER_APPICON_NAME = AppIcon;
				ASSETCATALOG_COMPILER_LAUNCHIMAGE_NAME = LaunchImage;
				INFOPLIST_FILE = SubmitTransition/Info.plist;
				IPHONEOS_DEPLOYMENT_TARGET = 8.0;
				LD_RUNPATH_SEARCH_PATHS = "$(inherited) @executable_path/Frameworks";
				PRODUCT_BUNDLE_IDENTIFIER = "com.twitter.tk-365.$(PRODUCT_NAME:rfc1034identifier)";
				PRODUCT_NAME = "$(TARGET_NAME)";
			};
			name = Release;
		};
		B0FAC87B1B7356F40034E00B /* Debug */ = {
			isa = XCBuildConfiguration;
			buildSettings = {
				BUNDLE_LOADER = "$(TEST_HOST)";
				FRAMEWORK_SEARCH_PATHS = (
					"$(SDKROOT)/Developer/Library/Frameworks",
					"$(inherited)",
				);
				GCC_PREPROCESSOR_DEFINITIONS = (
					"DEBUG=1",
					"$(inherited)",
				);
				INFOPLIST_FILE = SubmitTransitionTests/Info.plist;
				LD_RUNPATH_SEARCH_PATHS = "$(inherited) @executable_path/Frameworks @loader_path/Frameworks";
				PRODUCT_BUNDLE_IDENTIFIER = "com.twitter.tk-365.$(PRODUCT_NAME:rfc1034identifier)";
				PRODUCT_NAME = "$(TARGET_NAME)";
				TEST_HOST = "$(BUILT_PRODUCTS_DIR)/SubmitTransition.app/SubmitTransition";
			};
			name = Debug;
		};
		B0FAC87C1B7356F40034E00B /* Release */ = {
			isa = XCBuildConfiguration;
			buildSettings = {
				BUNDLE_LOADER = "$(TEST_HOST)";
				FRAMEWORK_SEARCH_PATHS = (
					"$(SDKROOT)/Developer/Library/Frameworks",
					"$(inherited)",
				);
				INFOPLIST_FILE = SubmitTransitionTests/Info.plist;
				LD_RUNPATH_SEARCH_PATHS = "$(inherited) @executable_path/Frameworks @loader_path/Frameworks";
				PRODUCT_BUNDLE_IDENTIFIER = "com.twitter.tk-365.$(PRODUCT_NAME:rfc1034identifier)";
				PRODUCT_NAME = "$(TARGET_NAME)";
				TEST_HOST = "$(BUILT_PRODUCTS_DIR)/SubmitTransition.app/SubmitTransition";
			};
			name = Release;
		};
/* End XCBuildConfiguration section */

/* Begin XCConfigurationList section */
		B0FAC8531B7356F30034E00B /* Build configuration list for PBXProject "SubmitTransition" */ = {
			isa = XCConfigurationList;
			buildConfigurations = (
				B0FAC8751B7356F40034E00B /* Debug */,
				B0FAC8761B7356F40034E00B /* Release */,
			);
			defaultConfigurationIsVisible = 0;
			defaultConfigurationName = Release;
		};
		B0FAC8771B7356F40034E00B /* Build configuration list for PBXNativeTarget "SubmitTransition" */ = {
			isa = XCConfigurationList;
			buildConfigurations = (
				B0FAC8781B7356F40034E00B /* Debug */,
				B0FAC8791B7356F40034E00B /* Release */,
			);
			defaultConfigurationIsVisible = 0;
			defaultConfigurationName = Release;
		};
		B0FAC87A1B7356F40034E00B /* Build configuration list for PBXNativeTarget "SubmitTransitionTests" */ = {
			isa = XCConfigurationList;
			buildConfigurations = (
				B0FAC87B1B7356F40034E00B /* Debug */,
				B0FAC87C1B7356F40034E00B /* Release */,
			);
			defaultConfigurationIsVisible = 0;
			defaultConfigurationName = Release;
		};
/* End XCConfigurationList section */
	};
	rootObject = B0FAC8501B7356F30034E00B /* Project object */;
}
